
Microsoft Visual Studio Solution File, Format Version 12.00
Project("{FAE04EC0-301F-11D3-BF4B-00C04F79EFBC}") = "Day01", "Day01\Day01.csproj", "{FF1A85C4-0481-4F2B-842B-A21F90F11B72}"
EndProject
Project("{FAE04EC0-301F-11D3-BF4B-00C04F79EFBC}") = "Day02", "Day02\Day02.csproj", "{ED652DAE-89CA-4827-9F91-36024D3FAB32}"
EndProject
Project("{FAE04EC0-301F-11D3-BF4B-00C04F79EFBC}") = "Day03", "Day03\Day03.csproj", "{BA5DE95C-211D-4FA6-AAB6-1753368FD427}"
EndProject
Project("{FAE04EC0-301F-11D3-BF4B-00C04F79EFBC}") = "Day04", "Day04\Day04.csproj", "{9B2F36E0-314B-4365-9DE3-7C9A81B69515}"
EndProject
Project("{FAE04EC0-301F-11D3-BF4B-00C04F79EFBC}") = "Day05", "Day05\Day05.csproj", "{38BF6F8D-8974-4840-AD95-6AFE8DBA894F}"
EndProject
Project("{FAE04EC0-301F-11D3-BF4B-00C04F79EFBC}") = "Day06", "Day06\Day06.csproj", "{4C5CA178-2934-4D36-AF67-9018A2866FB8}"
EndProject
Project("{FAE04EC0-301F-11D3-BF4B-00C04F79EFBC}") = "Day07", "Day07\Day07.csproj", "{D2759DA2-F78E-43C3-A89A-FCF6DB6783BC}"
EndProject
Project("{FAE04EC0-301F-11D3-BF4B-00C04F79EFBC}") = "Day08", "Day08\Day08.csproj", "{BB30510F-36EC-490C-BB2A-F67C9BB5D284}"
EndProject
Project("{FAE04EC0-301F-11D3-BF4B-00C04F79EFBC}") = "Day09", "Day09\Day09.csproj", "{E3454562-3B6E-4DBC-A8B6-370AF6EEF7AC}"
EndProject
Project("{FAE04EC0-301F-11D3-BF4B-00C04F79EFBC}") = "Day10", "Day10\Day10.csproj", "{E08AE2E5-C9E0-4B69-A54C-9520DC9B573C}"
EndProject
Project("{FAE04EC0-301F-11D3-BF4B-00C04F79EFBC}") = "Day11", "Day11\Day11.csproj", "{3231A9AA-957B-4897-AD89-E250A00DCB35}"
EndProject
Project("{FAE04EC0-301F-11D3-BF4B-00C04F79EFBC}") = "Day12", "Day12\Day12.csproj", "{E09B9437-213A-4490-96E4-2E7E1E492FCE}"
EndProject
Project("{FAE04EC0-301F-11D3-BF4B-00C04F79EFBC}") = "Day13", "Day13\Day13.csproj", "{573D9417-4DEC-47C8-A107-AC3A46BCD79D}"
EndProject
Project("{FAE04EC0-301F-11D3-BF4B-00C04F79EFBC}") = "Day14", "Day14\Day14.csproj", "{0F0018AF-F541-4FF9-843A-495AC926295F}"
EndProject
Project("{FAE04EC0-301F-11D3-BF4B-00C04F79EFBC}") = "Day15", "Day15\Day15.csproj", "{6BD09AE0-FF1A-4276-A784-73D1CF4A5CC7}"
EndProject
Project("{FAE04EC0-301F-11D3-BF4B-00C04F79EFBC}") = "Day16", "Day16\Day16.csproj", "{8E373824-1549-4C60-BAA7-24FC3A1A1360}"
EndProject
Project("{FAE04EC0-301F-11D3-BF4B-00C04F79EFBC}") = "Day17", "Day17\Day17.csproj", "{1CC660C1-65B5-4035-8DBD-A4C76A11E2A2}"
EndProject
Project("{FAE04EC0-301F-11D3-BF4B-00C04F79EFBC}") = "Day18", "Day18\Day18.csproj", "{336DC186-FF60-4DD0-8C4C-F63AAA067499}"
EndProject
Project("{FAE04EC0-301F-11D3-BF4B-00C04F79EFBC}") = "Day19", "Day19\Day19.csproj", "{A1D93D2F-E09B-498F-BC4F-C10327313790}"
EndProject
Project("{FAE04EC0-301F-11D3-BF4B-00C04F79EFBC}") = "Day20", "Day20\Day20.csproj", "{3310FB60-CBF5-475C-B273-21B991F52556}"
EndProject
Project("{FAE04EC0-301F-11D3-BF4B-00C04F79EFBC}") = "Day21", "Day21\Day21.csproj", "{384DA6C1-07ED-4F03-8FCF-5E9880C96F51}"
EndProject
Project("{FAE04EC0-301F-11D3-BF4B-00C04F79EFBC}") = "Day22", "Day22\Day22.csproj", "{30C44EF6-0C90-4B86-BF54-FE57F66F192F}"
EndProject
Project("{FAE04EC0-301F-11D3-BF4B-00C04F79EFBC}") = "Day23", "Day23\Day23.csproj", "{9FC36995-4CEC-469F-9AFF-08A175583375}"
EndProject
Global
	GlobalSection(SolutionConfigurationPlatforms) = preSolution
		Debug|Any CPU = Debug|Any CPU
		Release|Any CPU = Release|Any CPU
	EndGlobalSection
	GlobalSection(ProjectConfigurationPlatforms) = postSolution
		{FF1A85C4-0481-4F2B-842B-A21F90F11B72}.Debug|Any CPU.ActiveCfg = Debug|Any CPU
		{FF1A85C4-0481-4F2B-842B-A21F90F11B72}.Debug|Any CPU.Build.0 = Debug|Any CPU
		{FF1A85C4-0481-4F2B-842B-A21F90F11B72}.Release|Any CPU.ActiveCfg = Release|Any CPU
		{FF1A85C4-0481-4F2B-842B-A21F90F11B72}.Release|Any CPU.Build.0 = Release|Any CPU
		{ED652DAE-89CA-4827-9F91-36024D3FAB32}.Debug|Any CPU.ActiveCfg = Debug|Any CPU
		{ED652DAE-89CA-4827-9F91-36024D3FAB32}.Debug|Any CPU.Build.0 = Debug|Any CPU
		{ED652DAE-89CA-4827-9F91-36024D3FAB32}.Release|Any CPU.ActiveCfg = Release|Any CPU
		{ED652DAE-89CA-4827-9F91-36024D3FAB32}.Release|Any CPU.Build.0 = Release|Any CPU
		{BA5DE95C-211D-4FA6-AAB6-1753368FD427}.Debug|Any CPU.ActiveCfg = Debug|Any CPU
		{BA5DE95C-211D-4FA6-AAB6-1753368FD427}.Debug|Any CPU.Build.0 = Debug|Any CPU
		{BA5DE95C-211D-4FA6-AAB6-1753368FD427}.Release|Any CPU.ActiveCfg = Release|Any CPU
		{BA5DE95C-211D-4FA6-AAB6-1753368FD427}.Release|Any CPU.Build.0 = Release|Any CPU
		{9B2F36E0-314B-4365-9DE3-7C9A81B69515}.Debug|Any CPU.ActiveCfg = Debug|Any CPU
		{9B2F36E0-314B-4365-9DE3-7C9A81B69515}.Debug|Any CPU.Build.0 = Debug|Any CPU
		{9B2F36E0-314B-4365-9DE3-7C9A81B69515}.Release|Any CPU.ActiveCfg = Release|Any CPU
		{9B2F36E0-314B-4365-9DE3-7C9A81B69515}.Release|Any CPU.Build.0 = Release|Any CPU
		{38BF6F8D-8974-4840-AD95-6AFE8DBA894F}.Debug|Any CPU.ActiveCfg = Debug|Any CPU
		{38BF6F8D-8974-4840-AD95-6AFE8DBA894F}.Debug|Any CPU.Build.0 = Debug|Any CPU
		{38BF6F8D-8974-4840-AD95-6AFE8DBA894F}.Release|Any CPU.ActiveCfg = Release|Any CPU
		{38BF6F8D-8974-4840-AD95-6AFE8DBA894F}.Release|Any CPU.Build.0 = Release|Any CPU
		{4C5CA178-2934-4D36-AF67-9018A2866FB8}.Debug|Any CPU.ActiveCfg = Debug|Any CPU
		{4C5CA178-2934-4D36-AF67-9018A2866FB8}.Debug|Any CPU.Build.0 = Debug|Any CPU
		{4C5CA178-2934-4D36-AF67-9018A2866FB8}.Release|Any CPU.ActiveCfg = Release|Any CPU
		{4C5CA178-2934-4D36-AF67-9018A2866FB8}.Release|Any CPU.Build.0 = Release|Any CPU
		{D2759DA2-F78E-43C3-A89A-FCF6DB6783BC}.Debug|Any CPU.ActiveCfg = Debug|Any CPU
		{D2759DA2-F78E-43C3-A89A-FCF6DB6783BC}.Debug|Any CPU.Build.0 = Debug|Any CPU
		{D2759DA2-F78E-43C3-A89A-FCF6DB6783BC}.Release|Any CPU.ActiveCfg = Release|Any CPU
		{D2759DA2-F78E-43C3-A89A-FCF6DB6783BC}.Release|Any CPU.Build.0 = Release|Any CPU
		{BB30510F-36EC-490C-BB2A-F67C9BB5D284}.Debug|Any CPU.ActiveCfg = Debug|Any CPU
		{BB30510F-36EC-490C-BB2A-F67C9BB5D284}.Debug|Any CPU.Build.0 = Debug|Any CPU
		{BB30510F-36EC-490C-BB2A-F67C9BB5D284}.Release|Any CPU.ActiveCfg = Release|Any CPU
		{BB30510F-36EC-490C-BB2A-F67C9BB5D284}.Release|Any CPU.Build.0 = Release|Any CPU
		{E3454562-3B6E-4DBC-A8B6-370AF6EEF7AC}.Debug|Any CPU.ActiveCfg = Debug|Any CPU
		{E3454562-3B6E-4DBC-A8B6-370AF6EEF7AC}.Debug|Any CPU.Build.0 = Debug|Any CPU
		{E3454562-3B6E-4DBC-A8B6-370AF6EEF7AC}.Release|Any CPU.ActiveCfg = Release|Any CPU
		{E3454562-3B6E-4DBC-A8B6-370AF6EEF7AC}.Release|Any CPU.Build.0 = Release|Any CPU
		{E08AE2E5-C9E0-4B69-A54C-9520DC9B573C}.Debug|Any CPU.ActiveCfg = Debug|Any CPU
		{E08AE2E5-C9E0-4B69-A54C-9520DC9B573C}.Debug|Any CPU.Build.0 = Debug|Any CPU
		{E08AE2E5-C9E0-4B69-A54C-9520DC9B573C}.Release|Any CPU.ActiveCfg = Release|Any CPU
		{E08AE2E5-C9E0-4B69-A54C-9520DC9B573C}.Release|Any CPU.Build.0 = Release|Any CPU
		{3231A9AA-957B-4897-AD89-E250A00DCB35}.Debug|Any CPU.ActiveCfg = Debug|Any CPU
		{3231A9AA-957B-4897-AD89-E250A00DCB35}.Debug|Any CPU.Build.0 = Debug|Any CPU
		{3231A9AA-957B-4897-AD89-E250A00DCB35}.Release|Any CPU.ActiveCfg = Release|Any CPU
		{3231A9AA-957B-4897-AD89-E250A00DCB35}.Release|Any CPU.Build.0 = Release|Any CPU
		{E09B9437-213A-4490-96E4-2E7E1E492FCE}.Debug|Any CPU.ActiveCfg = Debug|Any CPU
		{E09B9437-213A-4490-96E4-2E7E1E492FCE}.Debug|Any CPU.Build.0 = Debug|Any CPU
		{E09B9437-213A-4490-96E4-2E7E1E492FCE}.Release|Any CPU.ActiveCfg = Release|Any CPU
		{E09B9437-213A-4490-96E4-2E7E1E492FCE}.Release|Any CPU.Build.0 = Release|Any CPU
		{573D9417-4DEC-47C8-A107-AC3A46BCD79D}.Debug|Any CPU.ActiveCfg = Debug|Any CPU
		{573D9417-4DEC-47C8-A107-AC3A46BCD79D}.Debug|Any CPU.Build.0 = Debug|Any CPU
		{573D9417-4DEC-47C8-A107-AC3A46BCD79D}.Release|Any CPU.ActiveCfg = Release|Any CPU
		{573D9417-4DEC-47C8-A107-AC3A46BCD79D}.Release|Any CPU.Build.0 = Release|Any CPU
		{0F0018AF-F541-4FF9-843A-495AC926295F}.Debug|Any CPU.ActiveCfg = Debug|Any CPU
		{0F0018AF-F541-4FF9-843A-495AC926295F}.Debug|Any CPU.Build.0 = Debug|Any CPU
		{0F0018AF-F541-4FF9-843A-495AC926295F}.Release|Any CPU.ActiveCfg = Release|Any CPU
		{0F0018AF-F541-4FF9-843A-495AC926295F}.Release|Any CPU.Build.0 = Release|Any CPU
		{6BD09AE0-FF1A-4276-A784-73D1CF4A5CC7}.Debug|Any CPU.ActiveCfg = Debug|Any CPU
		{6BD09AE0-FF1A-4276-A784-73D1CF4A5CC7}.Debug|Any CPU.Build.0 = Debug|Any CPU
		{6BD09AE0-FF1A-4276-A784-73D1CF4A5CC7}.Release|Any CPU.ActiveCfg = Release|Any CPU
		{6BD09AE0-FF1A-4276-A784-73D1CF4A5CC7}.Release|Any CPU.Build.0 = Release|Any CPU
		{8E373824-1549-4C60-BAA7-24FC3A1A1360}.Debug|Any CPU.ActiveCfg = Debug|Any CPU
		{8E373824-1549-4C60-BAA7-24FC3A1A1360}.Debug|Any CPU.Build.0 = Debug|Any CPU
		{8E373824-1549-4C60-BAA7-24FC3A1A1360}.Release|Any CPU.ActiveCfg = Release|Any CPU
		{8E373824-1549-4C60-BAA7-24FC3A1A1360}.Release|Any CPU.Build.0 = Release|Any CPU
		{1CC660C1-65B5-4035-8DBD-A4C76A11E2A2}.Debug|Any CPU.ActiveCfg = Debug|Any CPU
		{1CC660C1-65B5-4035-8DBD-A4C76A11E2A2}.Debug|Any CPU.Build.0 = Debug|Any CPU
		{1CC660C1-65B5-4035-8DBD-A4C76A11E2A2}.Release|Any CPU.ActiveCfg = Release|Any CPU
		{1CC660C1-65B5-4035-8DBD-A4C76A11E2A2}.Release|Any CPU.Build.0 = Release|Any CPU
		{336DC186-FF60-4DD0-8C4C-F63AAA067499}.Debug|Any CPU.ActiveCfg = Debug|Any CPU
		{336DC186-FF60-4DD0-8C4C-F63AAA067499}.Debug|Any CPU.Build.0 = Debug|Any CPU
		{336DC186-FF60-4DD0-8C4C-F63AAA067499}.Release|Any CPU.ActiveCfg = Release|Any CPU
		{336DC186-FF60-4DD0-8C4C-F63AAA067499}.Release|Any CPU.Build.0 = Release|Any CPU
		{A1D93D2F-E09B-498F-BC4F-C10327313790}.Debug|Any CPU.ActiveCfg = Debug|Any CPU
		{A1D93D2F-E09B-498F-BC4F-C10327313790}.Debug|Any CPU.Build.0 = Debug|Any CPU
		{A1D93D2F-E09B-498F-BC4F-C10327313790}.Release|Any CPU.ActiveCfg = Release|Any CPU
		{A1D93D2F-E09B-498F-BC4F-C10327313790}.Release|Any CPU.Build.0 = Release|Any CPU
		{3310FB60-CBF5-475C-B273-21B991F52556}.Debug|Any CPU.ActiveCfg = Debug|Any CPU
		{3310FB60-CBF5-475C-B273-21B991F52556}.Debug|Any CPU.Build.0 = Debug|Any CPU
		{3310FB60-CBF5-475C-B273-21B991F52556}.Release|Any CPU.ActiveCfg = Release|Any CPU
		{3310FB60-CBF5-475C-B273-21B991F52556}.Release|Any CPU.Build.0 = Release|Any CPU
		{384DA6C1-07ED-4F03-8FCF-5E9880C96F51}.Debug|Any CPU.ActiveCfg = Debug|Any CPU
		{384DA6C1-07ED-4F03-8FCF-5E9880C96F51}.Debug|Any CPU.Build.0 = Debug|Any CPU
		{384DA6C1-07ED-4F03-8FCF-5E9880C96F51}.Release|Any CPU.ActiveCfg = Release|Any CPU
		{384DA6C1-07ED-4F03-8FCF-5E9880C96F51}.Release|Any CPU.Build.0 = Release|Any CPU
		{30C44EF6-0C90-4B86-BF54-FE57F66F192F}.Debug|Any CPU.ActiveCfg = Debug|Any CPU
		{30C44EF6-0C90-4B86-BF54-FE57F66F192F}.Debug|Any CPU.Build.0 = Debug|Any CPU
		{30C44EF6-0C90-4B86-BF54-FE57F66F192F}.Release|Any CPU.ActiveCfg = Release|Any CPU
		{30C44EF6-0C90-4B86-BF54-FE57F66F192F}.Release|Any CPU.Build.0 = Release|Any CPU
		{9FC36995-4CEC-469F-9AFF-08A175583375}.Debug|Any CPU.ActiveCfg = Debug|Any CPU
		{9FC36995-4CEC-469F-9AFF-08A175583375}.Debug|Any CPU.Build.0 = Debug|Any CPU
		{9FC36995-4CEC-469F-9AFF-08A175583375}.Release|Any CPU.ActiveCfg = Release|Any CPU
		{9FC36995-4CEC-469F-9AFF-08A175583375}.Release|Any CPU.Build.0 = Release|Any CPU
	EndGlobalSection
EndGlobal
