
Microsoft Visual Studio Solution File, Format Version 12.00
Project("{FAE04EC0-301F-11D3-BF4B-00C04F79EFBC}") = "Day01", "Day01\Day01.csproj", "{FF1A85C4-0481-4F2B-842B-A21F90F11B72}"
EndProject
Project("{FAE04EC0-301F-11D3-BF4B-00C04F79EFBC}") = "Day02", "Day02\Day02.csproj", "{ED652DAE-89CA-4827-9F91-36024D3FAB32}"
EndProject
Project("{FAE04EC0-301F-11D3-BF4B-00C04F79EFBC}") = "Day03", "Day03\Day03.csproj", "{BA5DE95C-211D-4FA6-AAB6-1753368FD427}"
EndProject
Project("{FAE04EC0-301F-11D3-BF4B-00C04F79EFBC}") = "Day04", "Day04\Day04.csproj", "{9B2F36E0-314B-4365-9DE3-7C9A81B69515}"
EndProject
Project("{FAE04EC0-301F-11D3-BF4B-00C04F79EFBC}") = "Day05", "Day05\Day05.csproj", "{38BF6F8D-8974-4840-AD95-6AFE8DBA894F}"
EndProject
Project("{FAE04EC0-301F-11D3-BF4B-00C04F79EFBC}") = "Day06", "Day06\Day06.csproj", "{4C5CA178-2934-4D36-AF67-9018A2866FB8}"
EndProject
Project("{FAE04EC0-301F-11D3-BF4B-00C04F79EFBC}") = "Day07", "Day07\Day07.csproj", "{D2759DA2-F78E-43C3-A89A-FCF6DB6783BC}"
EndProject
Project("{FAE04EC0-301F-11D3-BF4B-00C04F79EFBC}") = "Day08", "Day08\Day08.csproj", "{BB30510F-36EC-490C-BB2A-F67C9BB5D284}"
EndProject
Global
	GlobalSection(SolutionConfigurationPlatforms) = preSolution
		Debug|Any CPU = Debug|Any CPU
		Release|Any CPU = Release|Any CPU
	EndGlobalSection
	GlobalSection(ProjectConfigurationPlatforms) = postSolution
		{FF1A85C4-0481-4F2B-842B-A21F90F11B72}.Debug|Any CPU.ActiveCfg = Debug|Any CPU
		{FF1A85C4-0481-4F2B-842B-A21F90F11B72}.Debug|Any CPU.Build.0 = Debug|Any CPU
		{FF1A85C4-0481-4F2B-842B-A21F90F11B72}.Release|Any CPU.ActiveCfg = Release|Any CPU
		{FF1A85C4-0481-4F2B-842B-A21F90F11B72}.Release|Any CPU.Build.0 = Release|Any CPU
		{ED652DAE-89CA-4827-9F91-36024D3FAB32}.Debug|Any CPU.ActiveCfg = Debug|Any CPU
		{ED652DAE-89CA-4827-9F91-36024D3FAB32}.Debug|Any CPU.Build.0 = Debug|Any CPU
		{ED652DAE-89CA-4827-9F91-36024D3FAB32}.Release|Any CPU.ActiveCfg = Release|Any CPU
		{ED652DAE-89CA-4827-9F91-36024D3FAB32}.Release|Any CPU.Build.0 = Release|Any CPU
		{BA5DE95C-211D-4FA6-AAB6-1753368FD427}.Debug|Any CPU.ActiveCfg = Debug|Any CPU
		{BA5DE95C-211D-4FA6-AAB6-1753368FD427}.Debug|Any CPU.Build.0 = Debug|Any CPU
		{BA5DE95C-211D-4FA6-AAB6-1753368FD427}.Release|Any CPU.ActiveCfg = Release|Any CPU
		{BA5DE95C-211D-4FA6-AAB6-1753368FD427}.Release|Any CPU.Build.0 = Release|Any CPU
		{9B2F36E0-314B-4365-9DE3-7C9A81B69515}.Debug|Any CPU.ActiveCfg = Debug|Any CPU
		{9B2F36E0-314B-4365-9DE3-7C9A81B69515}.Debug|Any CPU.Build.0 = Debug|Any CPU
		{9B2F36E0-314B-4365-9DE3-7C9A81B69515}.Release|Any CPU.ActiveCfg = Release|Any CPU
		{9B2F36E0-314B-4365-9DE3-7C9A81B69515}.Release|Any CPU.Build.0 = Release|Any CPU
		{38BF6F8D-8974-4840-AD95-6AFE8DBA894F}.Debug|Any CPU.ActiveCfg = Debug|Any CPU
		{38BF6F8D-8974-4840-AD95-6AFE8DBA894F}.Debug|Any CPU.Build.0 = Debug|Any CPU
		{38BF6F8D-8974-4840-AD95-6AFE8DBA894F}.Release|Any CPU.ActiveCfg = Release|Any CPU
		{38BF6F8D-8974-4840-AD95-6AFE8DBA894F}.Release|Any CPU.Build.0 = Release|Any CPU
		{4C5CA178-2934-4D36-AF67-9018A2866FB8}.Debug|Any CPU.ActiveCfg = Debug|Any CPU
		{4C5CA178-2934-4D36-AF67-9018A2866FB8}.Debug|Any CPU.Build.0 = Debug|Any CPU
		{4C5CA178-2934-4D36-AF67-9018A2866FB8}.Release|Any CPU.ActiveCfg = Release|Any CPU
		{4C5CA178-2934-4D36-AF67-9018A2866FB8}.Release|Any CPU.Build.0 = Release|Any CPU
		{D2759DA2-F78E-43C3-A89A-FCF6DB6783BC}.Debug|Any CPU.ActiveCfg = Debug|Any CPU
		{D2759DA2-F78E-43C3-A89A-FCF6DB6783BC}.Debug|Any CPU.Build.0 = Debug|Any CPU
		{D2759DA2-F78E-43C3-A89A-FCF6DB6783BC}.Release|Any CPU.ActiveCfg = Release|Any CPU
		{D2759DA2-F78E-43C3-A89A-FCF6DB6783BC}.Release|Any CPU.Build.0 = Release|Any CPU
		{BB30510F-36EC-490C-BB2A-F67C9BB5D284}.Debug|Any CPU.ActiveCfg = Debug|Any CPU
		{BB30510F-36EC-490C-BB2A-F67C9BB5D284}.Debug|Any CPU.Build.0 = Debug|Any CPU
		{BB30510F-36EC-490C-BB2A-F67C9BB5D284}.Release|Any CPU.ActiveCfg = Release|Any CPU
		{BB30510F-36EC-490C-BB2A-F67C9BB5D284}.Release|Any CPU.Build.0 = Release|Any CPU
	EndGlobalSection
EndGlobal
